
Microsoft Visual Studio Solution File, Format Version 12.00
# Visual Studio Version 16
VisualStudioVersion = 16.0.30503.244
MinimumVisualStudioVersion = 10.0.40219.1
Project("{FAE04EC0-301F-11D3-BF4B-00C04F79EFBC}") = "LPLab13", "LPLab13\LPLab13.csproj", "{5C02BBDD-D655-4DFA-81D3-1FB6D8B2B57C}"
EndProject
Global
	GlobalSection(SolutionConfigurationPlatforms) = preSolution
		Debug|Any CPU = Debug|Any CPU
		Release|Any CPU = Release|Any CPU
	EndGlobalSection
	GlobalSection(ProjectConfigurationPlatforms) = postSolution
		{5C02BBDD-D655-4DFA-81D3-1FB6D8B2B57C}.Debug|Any CPU.ActiveCfg = Debug|Any CPU
		{5C02BBDD-D655-4DFA-81D3-1FB6D8B2B57C}.Debug|Any CPU.Build.0 = Debug|Any CPU
		{5C02BBDD-D655-4DFA-81D3-1FB6D8B2B57C}.Release|Any CPU.ActiveCfg = Release|Any CPU
		{5C02BBDD-D655-4DFA-81D3-1FB6D8B2B57C}.Release|Any CPU.Build.0 = Release|Any CPU
	EndGlobalSection
	GlobalSection(SolutionProperties) = preSolution
		HideSolutionNode = FALSE
	EndGlobalSection
	GlobalSection(ExtensibilityGlobals) = postSolution
		SolutionGuid = {0B925784-B7C2-4C4B-9B51-46D9C043B48B}
	EndGlobalSection
EndGlobal
