
Microsoft Visual Studio Solution File, Format Version 12.00
# Visual Studio Version 16
VisualStudioVersion = 16.0.30503.244
MinimumVisualStudioVersion = 10.0.40219.1
Project("{FAE04EC0-301F-11D3-BF4B-00C04F79EFBC}") = "LPLab12", "LPLab12\LPLab12.csproj", "{6F32EA8C-8CC0-4433-ACEF-3698CCE41103}"
EndProject
Global
	GlobalSection(SolutionConfigurationPlatforms) = preSolution
		Debug|Any CPU = Debug|Any CPU
		Release|Any CPU = Release|Any CPU
	EndGlobalSection
	GlobalSection(ProjectConfigurationPlatforms) = postSolution
		{6F32EA8C-8CC0-4433-ACEF-3698CCE41103}.Debug|Any CPU.ActiveCfg = Debug|Any CPU
		{6F32EA8C-8CC0-4433-ACEF-3698CCE41103}.Debug|Any CPU.Build.0 = Debug|Any CPU
		{6F32EA8C-8CC0-4433-ACEF-3698CCE41103}.Release|Any CPU.ActiveCfg = Release|Any CPU
		{6F32EA8C-8CC0-4433-ACEF-3698CCE41103}.Release|Any CPU.Build.0 = Release|Any CPU
	EndGlobalSection
	GlobalSection(SolutionProperties) = preSolution
		HideSolutionNode = FALSE
	EndGlobalSection
	GlobalSection(ExtensibilityGlobals) = postSolution
		SolutionGuid = {3DBD548B-90A4-4CF6-AAD9-43244F0CCCBD}
	EndGlobalSection
EndGlobal
